github.com/dustin/go-humanize v1.0.0 h1:VSnTsYCnlFHaM2/igO1h6X3HA71jcobQuxemgkq4zYo=
github.com/dustin/go-humanize v1.0.0/go.mod h1:HtrtbFcZ19U5GC7JDqmcUSB87Iq5E25KnS6fMYU6eOk=
github.com/karrick/godirwalk v1.16.1 h1:DynhcF+bztK8gooS0+NDJFrdNZjJ3gzVzC545UNA9iw=
github.com/karrick/godirwalk v1.16.1/go.mod h1:j4mkqPuvaLI8mp1DroR3P6ad7cyYd4c1qeJ3RV7ULlk=
github.com/xhit/go-str2duration/v2 v2.0.0 h1:uFtk6FWB375bP7ewQl+/1wBcn840GPhnySOdcz/okPE=
github.com/xhit/go-str2duration/v2 v2.0.0/go.mod h1:ohY8p+0f07DiV6Em5LKB0s2YpLtXVyJfNt1+BlmyAsU=
